{
  "name": "ngx-clipboard",
  "version": "11.1.0",
  "lockfileVersion": 1,
  "requires": true,
  "dependencies": {
    "ngx-window-token": {
      "version": "1.0.0",
      "resolved": "https://registry.npmjs.org/ngx-window-token/-/ngx-window-token-1.0.0.tgz",
      "integrity": "sha512-n+ZTyuNKHGccKoaofIgNCSJ7XgfujDodSYOxauY5eE6s4sxCriMBZelBIMqjaEuIE2GleViIwlCzb/j45rakPA==",
      "requires": {
        "tslib": "1.9.1"
      }
    },
    "tslib": {
      "version": "1.9.1",
      "resolved": "https://registry.npmjs.org/tslib/-/tslib-1.9.1.tgz",
      "integrity": "sha512-avfPS28HmGLLc2o4elcc2EIq2FcH++Yo5YxpBZi9Yw93BCTGFthI4HPE4Rpep6vSYQaK8e69PelM44tPj+RaQg=="
    }
  }
}
