# THIS IS AN AUTOGENERATED FILE. DO NOT EDIT THIS FILE DIRECTLY.
# yarn lockfile v1


ngx-window-token@^1.0.0:
  version "1.0.0"
  resolved "https://registry.yarnpkg.com/ngx-window-token/-/ngx-window-token-1.0.0.tgz#12acb174fbbcffa5c60b3fea5a6ea78cc3304793"
  dependencies:
    tslib "^1.9.0"

tslib@^1.9.0:
  version "1.9.1"
  resolved "https://registry.yarnpkg.com/tslib/-/tslib-1.9.1.tgz#a5d1f0532a49221c87755cfcc89ca37197242ba7"
